
Microsoft Visual Studio Solution File, Format Version 12.00
# Visual Studio Version 17
VisualStudioVersion = 17.14.36429.23
MinimumVisualStudioVersion = 10.0.40219.1
Project("{FAE04EC0-301F-11D3-BF4B-00C04F79EFBC}") = "EnterpriseAssetPlatform.Domain", "EnterpriseAssetPlatform.Domain\EnterpriseAssetPlatform.Domain.csproj", "{A460F1CC-1BA9-408A-892A-6CE87B386466}"
EndProject
Global
	GlobalSection(SolutionConfigurationPlatforms) = preSolution
		Debug|Any CPU = Debug|Any CPU
		Release|Any CPU = Release|Any CPU
	EndGlobalSection
	GlobalSection(ProjectConfigurationPlatforms) = postSolution
		{A460F1CC-1BA9-408A-892A-6CE87B386466}.Debug|Any CPU.ActiveCfg = Debug|Any CPU
		{A460F1CC-1BA9-408A-892A-6CE87B386466}.Debug|Any CPU.Build.0 = Debug|Any CPU
		{A460F1CC-1BA9-408A-892A-6CE87B386466}.Release|Any CPU.ActiveCfg = Release|Any CPU
		{A460F1CC-1BA9-408A-892A-6CE87B386466}.Release|Any CPU.Build.0 = Release|Any CPU
	EndGlobalSection
	GlobalSection(SolutionProperties) = preSolution
		HideSolutionNode = FALSE
	EndGlobalSection
	GlobalSection(ExtensibilityGlobals) = postSolution
		SolutionGuid = {B441EBB4-FF92-476A-88EB-C7557332405E}
	EndGlobalSection
EndGlobal
